
Microsoft Visual Studio Solution File, Format Version 12.00
# Visual Studio 15
VisualStudioVersion = 15.0.26124.0
MinimumVisualStudioVersion = 15.0.26124.0
Project("{FAE04EC0-301F-11D3-BF4B-00C04F79EFBC}") = "API", "API\API.csproj", "{195C569A-46CC-4E60-B88F-2A699B7B37F1}"
EndProject
Project("{FAE04EC0-301F-11D3-BF4B-00C04F79EFBC}") = "Core", "Core\Core.csproj", "{46F35A8A-16C2-4F21-933C-169FA613DA2B}"
EndProject
Project("{FAE04EC0-301F-11D3-BF4B-00C04F79EFBC}") = "Infrastructure", "Infrastructure\Infrastructure.csproj", "{71C57B4C-5F8C-4247-B9E2-D6931552AA33}"
EndProject
Global
	GlobalSection(SolutionConfigurationPlatforms) = preSolution
		Debug|Any CPU = Debug|Any CPU
		Debug|x64 = Debug|x64
		Debug|x86 = Debug|x86
		Release|Any CPU = Release|Any CPU
		Release|x64 = Release|x64
		Release|x86 = Release|x86
	EndGlobalSection
	GlobalSection(SolutionProperties) = preSolution
		HideSolutionNode = FALSE
	EndGlobalSection
	GlobalSection(ProjectConfigurationPlatforms) = postSolution
		{195C569A-46CC-4E60-B88F-2A699B7B37F1}.Debug|Any CPU.ActiveCfg = Debug|Any CPU
		{195C569A-46CC-4E60-B88F-2A699B7B37F1}.Debug|Any CPU.Build.0 = Debug|Any CPU
		{195C569A-46CC-4E60-B88F-2A699B7B37F1}.Debug|x64.ActiveCfg = Debug|Any CPU
		{195C569A-46CC-4E60-B88F-2A699B7B37F1}.Debug|x64.Build.0 = Debug|Any CPU
		{195C569A-46CC-4E60-B88F-2A699B7B37F1}.Debug|x86.ActiveCfg = Debug|Any CPU
		{195C569A-46CC-4E60-B88F-2A699B7B37F1}.Debug|x86.Build.0 = Debug|Any CPU
		{195C569A-46CC-4E60-B88F-2A699B7B37F1}.Release|Any CPU.ActiveCfg = Release|Any CPU
		{195C569A-46CC-4E60-B88F-2A699B7B37F1}.Release|Any CPU.Build.0 = Release|Any CPU
		{195C569A-46CC-4E60-B88F-2A699B7B37F1}.Release|x64.ActiveCfg = Release|Any CPU
		{195C569A-46CC-4E60-B88F-2A699B7B37F1}.Release|x64.Build.0 = Release|Any CPU
		{195C569A-46CC-4E60-B88F-2A699B7B37F1}.Release|x86.ActiveCfg = Release|Any CPU
		{195C569A-46CC-4E60-B88F-2A699B7B37F1}.Release|x86.Build.0 = Release|Any CPU
		{46F35A8A-16C2-4F21-933C-169FA613DA2B}.Debug|Any CPU.ActiveCfg = Debug|Any CPU
		{46F35A8A-16C2-4F21-933C-169FA613DA2B}.Debug|Any CPU.Build.0 = Debug|Any CPU
		{46F35A8A-16C2-4F21-933C-169FA613DA2B}.Debug|x64.ActiveCfg = Debug|Any CPU
		{46F35A8A-16C2-4F21-933C-169FA613DA2B}.Debug|x64.Build.0 = Debug|Any CPU
		{46F35A8A-16C2-4F21-933C-169FA613DA2B}.Debug|x86.ActiveCfg = Debug|Any CPU
		{46F35A8A-16C2-4F21-933C-169FA613DA2B}.Debug|x86.Build.0 = Debug|Any CPU
		{46F35A8A-16C2-4F21-933C-169FA613DA2B}.Release|Any CPU.ActiveCfg = Release|Any CPU
		{46F35A8A-16C2-4F21-933C-169FA613DA2B}.Release|Any CPU.Build.0 = Release|Any CPU
		{46F35A8A-16C2-4F21-933C-169FA613DA2B}.Release|x64.ActiveCfg = Release|Any CPU
		{46F35A8A-16C2-4F21-933C-169FA613DA2B}.Release|x64.Build.0 = Release|Any CPU
		{46F35A8A-16C2-4F21-933C-169FA613DA2B}.Release|x86.ActiveCfg = Release|Any CPU
		{46F35A8A-16C2-4F21-933C-169FA613DA2B}.Release|x86.Build.0 = Release|Any CPU
		{71C57B4C-5F8C-4247-B9E2-D6931552AA33}.Debug|Any CPU.ActiveCfg = Debug|Any CPU
		{71C57B4C-5F8C-4247-B9E2-D6931552AA33}.Debug|Any CPU.Build.0 = Debug|Any CPU
		{71C57B4C-5F8C-4247-B9E2-D6931552AA33}.Debug|x64.ActiveCfg = Debug|Any CPU
		{71C57B4C-5F8C-4247-B9E2-D6931552AA33}.Debug|x64.Build.0 = Debug|Any CPU
		{71C57B4C-5F8C-4247-B9E2-D6931552AA33}.Debug|x86.ActiveCfg = Debug|Any CPU
		{71C57B4C-5F8C-4247-B9E2-D6931552AA33}.Debug|x86.Build.0 = Debug|Any CPU
		{71C57B4C-5F8C-4247-B9E2-D6931552AA33}.Release|Any CPU.ActiveCfg = Release|Any CPU
		{71C57B4C-5F8C-4247-B9E2-D6931552AA33}.Release|Any CPU.Build.0 = Release|Any CPU
		{71C57B4C-5F8C-4247-B9E2-D6931552AA33}.Release|x64.ActiveCfg = Release|Any CPU
		{71C57B4C-5F8C-4247-B9E2-D6931552AA33}.Release|x64.Build.0 = Release|Any CPU
		{71C57B4C-5F8C-4247-B9E2-D6931552AA33}.Release|x86.ActiveCfg = Release|Any CPU
		{71C57B4C-5F8C-4247-B9E2-D6931552AA33}.Release|x86.Build.0 = Release|Any CPU
	EndGlobalSection
EndGlobal
