{
  "requires": true,
  "lockfileVersion": 1,
  "dependencies": {
    "angular-google-tag-manager": {
      "version": "1.4.2",
      "resolved": "https://registry.npmjs.org/angular-google-tag-manager/-/angular-google-tag-manager-1.4.2.tgz",
      "integrity": "sha512-V39aJtfUVxrxlk3GeG0YDjSSzAlKQ5Y5TqLxara3I4sZpCJXfhOWzTV+iFZJiMpKQpNENLsWg/sCgh/6I52jyA==",
      "requires": {
        "tslib": "^2.1.0"
      }
    },
    "tslib": {
      "version": "2.3.1",
      "resolved": "https://registry.npmjs.org/tslib/-/tslib-2.3.1.tgz",
      "integrity": "sha512-77EbyPPpMz+FRFRuAFlWMtmgUWGe9UOG2Z25NqCwiIjRhOf5iKGuzSe5P2w1laq+FkRy4p+PCuVkJSGkzTEKVw=="
    }
  }
}
